
Microsoft Visual Studio Solution File, Format Version 12.00
# Visual Studio 15
VisualStudioVersion = 15.0.27703.2026
MinimumVisualStudioVersion = 10.0.40219.1
Project("{FAE04EC0-301F-11D3-BF4B-00C04F79EFBC}") = "RestClient", "RestClient\RestClient.csproj", "{E9278554-DAC0-4E70-B8EF-216743874A8E}"
EndProject
Project("{9A19103F-16F7-4668-BE54-9A1E7A4F7556}") = "UnitTest", "UnitTest\UnitTest.csproj", "{A1CC5D2D-38AE-43F4-B05C-0AB878A76A34}"
EndProject
Global
	GlobalSection(SolutionConfigurationPlatforms) = preSolution
		Debug|Any CPU = Debug|Any CPU
		Release|Any CPU = Release|Any CPU
	EndGlobalSection
	GlobalSection(ProjectConfigurationPlatforms) = postSolution
		{E9278554-DAC0-4E70-B8EF-216743874A8E}.Debug|Any CPU.ActiveCfg = Debug|Any CPU
		{E9278554-DAC0-4E70-B8EF-216743874A8E}.Debug|Any CPU.Build.0 = Debug|Any CPU
		{E9278554-DAC0-4E70-B8EF-216743874A8E}.Release|Any CPU.ActiveCfg = Release|Any CPU
		{E9278554-DAC0-4E70-B8EF-216743874A8E}.Release|Any CPU.Build.0 = Release|Any CPU
		{A1CC5D2D-38AE-43F4-B05C-0AB878A76A34}.Debug|Any CPU.ActiveCfg = Debug|Any CPU
		{A1CC5D2D-38AE-43F4-B05C-0AB878A76A34}.Debug|Any CPU.Build.0 = Debug|Any CPU
		{A1CC5D2D-38AE-43F4-B05C-0AB878A76A34}.Release|Any CPU.ActiveCfg = Release|Any CPU
		{A1CC5D2D-38AE-43F4-B05C-0AB878A76A34}.Release|Any CPU.Build.0 = Release|Any CPU
	EndGlobalSection
	GlobalSection(SolutionProperties) = preSolution
		HideSolutionNode = FALSE
	EndGlobalSection
	GlobalSection(ExtensibilityGlobals) = postSolution
		SolutionGuid = {0A279B25-71CC-4984-B1CC-180C058BED47}
	EndGlobalSection
EndGlobal
